// !$*UTF8*$!
{
	archiveVersion = 1;
	classes = {
	};
	objectVersion = 46;
	objects = {

/* Begin PBXBuildFile section */
		5440D874CE6E9F53E38CBA72 /* Pods_Art.framework in Frameworks */ = {isa = PBXBuildFile; fileRef = E919CCB414A068AD89478664 /* Pods_Art.framework */; };
		5E7AF9FF1D119CF00045C31F /* Reachability.m in Sources */ = {isa = PBXBuildFile; fileRef = 5E7AF9FE1D119CF00045C31F /* Reachability.m */; };
		5E7AFA011D119DE60045C31F /* NetworkManager.swift in Sources */ = {isa = PBXBuildFile; fileRef = 5E7AFA001D119DE60045C31F /* NetworkManager.swift */; };
		5E7AFA041D11A16A0045C31F /* LocManager.swift in Sources */ = {isa = PBXBuildFile; fileRef = 5E7AFA031D11A16A0045C31F /* LocManager.swift */; };
		5E95F9FE1CB41FDF0062373C /* ArtViewController.swift in Sources */ = {isa = PBXBuildFile; fileRef = 5E95F9FD1CB41FDF0062373C /* ArtViewController.swift */; };
		5EC4292E1CADF7410005ECD1 /* AppDelegate.swift in Sources */ = {isa = PBXBuildFile; fileRef = 5EC4292D1CADF7410005ECD1 /* AppDelegate.swift */; };
		5EC429301CADF7420005ECD1 /* ViewController.swift in Sources */ = {isa = PBXBuildFile; fileRef = 5EC4292F1CADF7420005ECD1 /* ViewController.swift */; };
		5EC429331CADF7420005ECD1 /* Main.storyboard in Resources */ = {isa = PBXBuildFile; fileRef = 5EC429311CADF7420005ECD1 /* Main.storyboard */; };
		5EC429351CADF7430005ECD1 /* Assets.xcassets in Resources */ = {isa = PBXBuildFile; fileRef = 5EC429341CADF7430005ECD1 /* Assets.xcassets */; };
		5EC429381CADF7430005ECD1 /* LaunchScreen.storyboard in Resources */ = {isa = PBXBuildFile; fileRef = 5EC429361CADF7430005ECD1 /* LaunchScreen.storyboard */; };
		5EC9D7D71D049CBD0075A98D /* RegisterViewController.swift in Sources */ = {isa = PBXBuildFile; fileRef = 5EC9D7D61D049CBD0075A98D /* RegisterViewController.swift */; };
		5EC9D7DB1D05C5E70075A98D /* LoginViewController.swift in Sources */ = {isa = PBXBuildFile; fileRef = 5EC9D7DA1D05C5E70075A98D /* LoginViewController.swift */; };
/* End PBXBuildFile section */

/* Begin PBXFileReference section */
		010BE49F03007EBB915126FC /* Pods-Art.release.xcconfig */ = {isa = PBXFileReference; includeInIndex = 1; lastKnownFileType = text.xcconfig; name = "Pods-Art.release.xcconfig"; path = "Pods/Target Support Files/Pods-Art/Pods-Art.release.xcconfig"; sourceTree = "<group>"; };
		0CD08AFF3783D83754B8F668 /* Pods-Art.debug.xcconfig */ = {isa = PBXFileReference; includeInIndex = 1; lastKnownFileType = text.xcconfig; name = "Pods-Art.debug.xcconfig"; path = "Pods/Target Support Files/Pods-Art/Pods-Art.debug.xcconfig"; sourceTree = "<group>"; };
		5E7AF9FD1D119CF00045C31F /* Reachability.h */ = {isa = PBXFileReference; fileEncoding = 4; lastKnownFileType = sourcecode.c.h; path = Reachability.h; sourceTree = "<group>"; };
		5E7AF9FE1D119CF00045C31F /* Reachability.m */ = {isa = PBXFileReference; fileEncoding = 4; lastKnownFileType = sourcecode.c.objc; path = Reachability.m; sourceTree = "<group>"; };
		5E7AFA001D119DE60045C31F /* NetworkManager.swift */ = {isa = PBXFileReference; fileEncoding = 4; lastKnownFileType = sourcecode.swift; path = NetworkManager.swift; sourceTree = "<group>"; };
		5E7AFA031D11A16A0045C31F /* LocManager.swift */ = {isa = PBXFileReference; fileEncoding = 4; lastKnownFileType = sourcecode.swift; path = LocManager.swift; sourceTree = "<group>"; };
		5E95F9FD1CB41FDF0062373C /* ArtViewController.swift */ = {isa = PBXFileReference; fileEncoding = 4; lastKnownFileType = sourcecode.swift; path = ArtViewController.swift; sourceTree = "<group>"; };
		5EC4292A1CADF7410005ECD1 /* Art.app */ = {isa = PBXFileReference; explicitFileType = wrapper.application; includeInIndex = 0; path = Art.app; sourceTree = BUILT_PRODUCTS_DIR; };
		5EC4292D1CADF7410005ECD1 /* AppDelegate.swift */ = {isa = PBXFileReference; lastKnownFileType = sourcecode.swift; path = AppDelegate.swift; sourceTree = "<group>"; };
		5EC4292F1CADF7420005ECD1 /* ViewController.swift */ = {isa = PBXFileReference; lastKnownFileType = sourcecode.swift; path = ViewController.swift; sourceTree = "<group>"; };
		5EC429321CADF7420005ECD1 /* Base */ = {isa = PBXFileReference; lastKnownFileType = file.storyboard; name = Base; path = Base.lproj/Main.storyboard; sourceTree = "<group>"; };
		5EC429341CADF7430005ECD1 /* Assets.xcassets */ = {isa = PBXFileReference; lastKnownFileType = folder.assetcatalog; path = Assets.xcassets; sourceTree = "<group>"; };
		5EC429371CADF7430005ECD1 /* Base */ = {isa = PBXFileReference; lastKnownFileType = file.storyboard; name = Base; path = Base.lproj/LaunchScreen.storyboard; sourceTree = "<group>"; };
		5EC429391CADF7430005ECD1 /* Info.plist */ = {isa = PBXFileReference; lastKnownFileType = text.plist.xml; path = Info.plist; sourceTree = "<group>"; };
		5EC9D7D61D049CBD0075A98D /* RegisterViewController.swift */ = {isa = PBXFileReference; fileEncoding = 4; lastKnownFileType = sourcecode.swift; path = RegisterViewController.swift; sourceTree = "<group>"; };
		5EC9D7DA1D05C5E70075A98D /* LoginViewController.swift */ = {isa = PBXFileReference; fileEncoding = 4; lastKnownFileType = sourcecode.swift; path = LoginViewController.swift; sourceTree = "<group>"; };
		5EDE47AC1CAE02C700423F13 /* Art-Bridging-Header.h */ = {isa = PBXFileReference; fileEncoding = 4; lastKnownFileType = sourcecode.c.h; path = "Art-Bridging-Header.h"; sourceTree = SOURCE_ROOT; };
		E919CCB414A068AD89478664 /* Pods_Art.framework */ = {isa = PBXFileReference; explicitFileType = wrapper.framework; includeInIndex = 0; path = Pods_Art.framework; sourceTree = BUILT_PRODUCTS_DIR; };
/* End PBXFileReference section */

/* Begin PBXFrameworksBuildPhase section */
		5EC429271CADF7410005ECD1 /* Frameworks */ = {
			isa = PBXFrameworksBuildPhase;
			buildActionMask = 2147483647;
			files = (
				5440D874CE6E9F53E38CBA72 /* Pods_Art.framework in Frameworks */,
			);
			runOnlyForDeploymentPostprocessing = 0;
		};
/* End PBXFrameworksBuildPhase section */

/* Begin PBXGroup section */
		5E7AFA021D119EBB0045C31F /* Managers */ = {
			isa = PBXGroup;
			children = (
				5E7AFA001D119DE60045C31F /* NetworkManager.swift */,
				5E7AF9FD1D119CF00045C31F /* Reachability.h */,
				5E7AF9FE1D119CF00045C31F /* Reachability.m */,
			);
			name = Managers;
			sourceTree = "<group>";
		};
		5EC429211CADF7410005ECD1 = {
			isa = PBXGroup;
			children = (
				5EC4292C1CADF7410005ECD1 /* Art */,
				5EC4292B1CADF7410005ECD1 /* Products */,
				F26F8845B7DDC6C56EC77375 /* Pods */,
				7CBFADC7AC11C0D769BCDDE6 /* Frameworks */,
			);
			sourceTree = "<group>";
		};
		5EC4292B1CADF7410005ECD1 /* Products */ = {
			isa = PBXGroup;
			children = (
				5EC4292A1CADF7410005ECD1 /* Art.app */,
			);
			name = Products;
			sourceTree = "<group>";
		};
		5EC4292C1CADF7410005ECD1 /* Art */ = {
			isa = PBXGroup;
			children = (
				5EC4292D1CADF7410005ECD1 /* AppDelegate.swift */,
				5EC4292F1CADF7420005ECD1 /* ViewController.swift */,
				5E95F9FD1CB41FDF0062373C /* ArtViewController.swift */,
				5EC9D7DA1D05C5E70075A98D /* LoginViewController.swift */,
				5EC9D7D61D049CBD0075A98D /* RegisterViewController.swift */,
				5EC429311CADF7420005ECD1 /* Main.storyboard */,
				5EC429341CADF7430005ECD1 /* Assets.xcassets */,
				5EC429361CADF7430005ECD1 /* LaunchScreen.storyboard */,
				5EC429391CADF7430005ECD1 /* Info.plist */,
				5EDE47AC1CAE02C700423F13 /* Art-Bridging-Header.h */,
				5E7AFA021D119EBB0045C31F /* Managers */,
				5E7AFA031D11A16A0045C31F /* LocManager.swift */,
			);
			path = Art;
			sourceTree = "<group>";
		};
		7CBFADC7AC11C0D769BCDDE6 /* Frameworks */ = {
			isa = PBXGroup;
			children = (
				E919CCB414A068AD89478664 /* Pods_Art.framework */,
			);
			name = Frameworks;
			sourceTree = "<group>";
		};
		F26F8845B7DDC6C56EC77375 /* Pods */ = {
			isa = PBXGroup;
			children = (
				0CD08AFF3783D83754B8F668 /* Pods-Art.debug.xcconfig */,
				010BE49F03007EBB915126FC /* Pods-Art.release.xcconfig */,
			);
			name = Pods;
			sourceTree = "<group>";
		};
/* End PBXGroup section */

/* Begin PBXNativeTarget section */
		5EC429291CADF7410005ECD1 /* Art */ = {
			isa = PBXNativeTarget;
			buildConfigurationList = 5EC4293C1CADF7430005ECD1 /* Build configuration list for PBXNativeTarget "Art" */;
			buildPhases = (
				2AC4D323EBA370F78D394BB9 /* Check Pods Manifest.lock */,
				5EC429261CADF7410005ECD1 /* Sources */,
				5EC429271CADF7410005ECD1 /* Frameworks */,
				5EC429281CADF7410005ECD1 /* Resources */,
				8C0D19356DDDE67AAD7B3D14 /* Embed Pods Frameworks */,
				E5BF363BCF6A9A0BB381111F /* Copy Pods Resources */,
			);
			buildRules = (
			);
			dependencies = (
			);
			name = Art;
			productName = Art;
			productReference = 5EC4292A1CADF7410005ECD1 /* Art.app */;
			productType = "com.apple.product-type.application";
		};
/* End PBXNativeTarget section */

/* Begin PBXProject section */
		5EC429221CADF7410005ECD1 /* Project object */ = {
			isa = PBXProject;
			attributes = {
				LastSwiftUpdateCheck = 0720;
				LastUpgradeCheck = 0720;
				ORGANIZATIONNAME = "Buwaneka Galpoththawela";
				TargetAttributes = {
					5EC429291CADF7410005ECD1 = {
						CreatedOnToolsVersion = 7.2;
						DevelopmentTeam = JLMT6JUXYH;
					};
				};
			};
			buildConfigurationList = 5EC429251CADF7410005ECD1 /* Build configuration list for PBXProject "Art" */;
			compatibilityVersion = "Xcode 3.2";
			developmentRegion = English;
			hasScannedForEncodings = 0;
			knownRegions = (
				en,
				Base,
			);
			mainGroup = 5EC429211CADF7410005ECD1;
			productRefGroup = 5EC4292B1CADF7410005ECD1 /* Products */;
			projectDirPath = "";
			projectRoot = "";
			targets = (
				5EC429291CADF7410005ECD1 /* Art */,
			);
		};
/* End PBXProject section */

/* Begin PBXResourcesBuildPhase section */
		5EC429281CADF7410005ECD1 /* Resources */ = {
			isa = PBXResourcesBuildPhase;
			buildActionMask = 2147483647;
			files = (
				5EC429381CADF7430005ECD1 /* LaunchScreen.storyboard in Resources */,
				5EC429351CADF7430005ECD1 /* Assets.xcassets in Resources */,
				5EC429331CADF7420005ECD1 /* Main.storyboard in Resources */,
			);
			runOnlyForDeploymentPostprocessing = 0;
		};
/* End PBXResourcesBuildPhase section */

/* Begin PBXShellScriptBuildPhase section */
		2AC4D323EBA370F78D394BB9 /* Check Pods Manifest.lock */ = {
			isa = PBXShellScriptBuildPhase;
			buildActionMask = 2147483647;
			files = (
			);
			inputPaths = (
			);
			name = "Check Pods Manifest.lock";
			outputPaths = (
			);
			runOnlyForDeploymentPostprocessing = 0;
			shellPath = /bin/sh;
			shellScript = "diff \"${PODS_ROOT}/../Podfile.lock\" \"${PODS_ROOT}/Manifest.lock\" > /dev/null\nif [[ $? != 0 ]] ; then\n    cat << EOM\nerror: The sandbox is not in sync with the Podfile.lock. Run 'pod install' or update your CocoaPods installation.\nEOM\n    exit 1\nfi\n";
			showEnvVarsInLog = 0;
		};
		8C0D19356DDDE67AAD7B3D14 /* Embed Pods Frameworks */ = {
			isa = PBXShellScriptBuildPhase;
			buildActionMask = 2147483647;
			files = (
			);
			inputPaths = (
			);
			name = "Embed Pods Frameworks";
			outputPaths = (
			);
			runOnlyForDeploymentPostprocessing = 0;
			shellPath = /bin/sh;
			shellScript = "\"${SRCROOT}/Pods/Target Support Files/Pods-Art/Pods-Art-frameworks.sh\"\n";
			showEnvVarsInLog = 0;
		};
		E5BF363BCF6A9A0BB381111F /* Copy Pods Resources */ = {
			isa = PBXShellScriptBuildPhase;
			buildActionMask = 2147483647;
			files = (
			);
			inputPaths = (
			);
			name = "Copy Pods Resources";
			outputPaths = (
			);
			runOnlyForDeploymentPostprocessing = 0;
			shellPath = /bin/sh;
			shellScript = "\"${SRCROOT}/Pods/Target Support Files/Pods-Art/Pods-Art-resources.sh\"\n";
			showEnvVarsInLog = 0;
		};
/* End PBXShellScriptBuildPhase section */

/* Begin PBXSourcesBuildPhase section */
		5EC429261CADF7410005ECD1 /* Sources */ = {
			isa = PBXSourcesBuildPhase;
			buildActionMask = 2147483647;
			files = (
				5E95F9FE1CB41FDF0062373C /* ArtViewController.swift in Sources */,
				5EC429301CADF7420005ECD1 /* ViewController.swift in Sources */,
				5EC4292E1CADF7410005ECD1 /* AppDelegate.swift in Sources */,
				5E7AFA011D119DE60045C31F /* NetworkManager.swift in Sources */,
				5E7AFA041D11A16A0045C31F /* LocManager.swift in Sources */,
				5EC9D7DB1D05C5E70075A98D /* LoginViewController.swift in Sources */,
				5E7AF9FF1D119CF00045C31F /* Reachability.m in Sources */,
				5EC9D7D71D049CBD0075A98D /* RegisterViewController.swift in Sources */,
			);
			runOnlyForDeploymentPostprocessing = 0;
		};
/* End PBXSourcesBuildPhase section */

/* Begin PBXVariantGroup section */
		5EC429311CADF7420005ECD1 /* Main.storyboard */ = {
			isa = PBXVariantGroup;
			children = (
				5EC429321CADF7420005ECD1 /* Base */,
			);
			name = Main.storyboard;
			sourceTree = "<group>";
		};
		5EC429361CADF7430005ECD1 /* LaunchScreen.storyboard */ = {
			isa = PBXVariantGroup;
			children = (
				5EC429371CADF7430005ECD1 /* Base */,
			);
			name = LaunchScreen.storyboard;
			sourceTree = "<group>";
		};
/* End PBXVariantGroup section */

/* Begin XCBuildConfiguration section */
		5EC4293A1CADF7430005ECD1 /* Debug */ = {
			isa = XCBuildConfiguration;
			buildSettings = {
				ALWAYS_SEARCH_USER_PATHS = NO;
				CLANG_CXX_LANGUAGE_STANDARD = "gnu++0x";
				CLANG_CXX_LIBRARY = "libc++";
				CLANG_ENABLE_MODULES = YES;
				CLANG_ENABLE_OBJC_ARC = YES;
				CLANG_WARN_BOOL_CONVERSION = YES;
				CLANG_WARN_CONSTANT_CONVERSION = YES;
				CLANG_WARN_DIRECT_OBJC_ISA_USAGE = YES_ERROR;
				CLANG_WARN_EMPTY_BODY = YES;
				CLANG_WARN_ENUM_CONVERSION = YES;
				CLANG_WARN_INT_CONVERSION = YES;
				CLANG_WARN_OBJC_ROOT_CLASS = YES_ERROR;
				CLANG_WARN_UNREACHABLE_CODE = YES;
				CLANG_WARN__DUPLICATE_METHOD_MATCH = YES;
				"CODE_SIGN_IDENTITY[sdk=iphoneos*]" = "iPhone Developer";
				COPY_PHASE_STRIP = NO;
				DEBUG_INFORMATION_FORMAT = dwarf;
				ENABLE_STRICT_OBJC_MSGSEND = YES;
				ENABLE_TESTABILITY = YES;
				GCC_C_LANGUAGE_STANDARD = gnu99;
				GCC_DYNAMIC_NO_PIC = NO;
				GCC_NO_COMMON_BLOCKS = YES;
				GCC_OPTIMIZATION_LEVEL = 0;
				GCC_PREPROCESSOR_DEFINITIONS = (
					"DEBUG=1",
					"$(inherited)",
				);
				GCC_WARN_64_TO_32_BIT_CONVERSION = YES;
				GCC_WARN_ABOUT_RETURN_TYPE = YES_ERROR;
				GCC_WARN_UNDECLARED_SELECTOR = YES;
				GCC_WARN_UNINITIALIZED_AUTOS = YES_AGGRESSIVE;
				GCC_WARN_UNUSED_FUNCTION = YES;
				GCC_WARN_UNUSED_VARIABLE = YES;
				IPHONEOS_DEPLOYMENT_TARGET = 9.2;
				MTL_ENABLE_DEBUG_INFO = YES;
				ONLY_ACTIVE_ARCH = YES;
				SDKROOT = iphoneos;
				SWIFT_OPTIMIZATION_LEVEL = "-Onone";
				TARGETED_DEVICE_FAMILY = "1,2";
			};
			name = Debug;
		};
		5EC4293B1CADF7430005ECD1 /* Release */ = {
			isa = XCBuildConfiguration;
			buildSettings = {
				ALWAYS_SEARCH_USER_PATHS = NO;
				CLANG_CXX_LANGUAGE_STANDARD = "gnu++0x";
				CLANG_CXX_LIBRARY = "libc++";
				CLANG_ENABLE_MODULES = YES;
				CLANG_ENABLE_OBJC_ARC = YES;
				CLANG_WARN_BOOL_CONVERSION = YES;
				CLANG_WARN_CONSTANT_CONVERSION = YES;
				CLANG_WARN_DIRECT_OBJC_ISA_USAGE = YES_ERROR;
				CLANG_WARN_EMPTY_BODY = YES;
				CLANG_WARN_ENUM_CONVERSION = YES;
				CLANG_WARN_INT_CONVERSION = YES;
				CLANG_WARN_OBJC_ROOT_CLASS = YES_ERROR;
				CLANG_WARN_UNREACHABLE_CODE = YES;
				CLANG_WARN__DUPLICATE_METHOD_MATCH = YES;
				"CODE_SIGN_IDENTITY[sdk=iphoneos*]" = "iPhone Developer";
				COPY_PHASE_STRIP = NO;
				DEBUG_INFORMATION_FORMAT = "dwarf-with-dsym";
				ENABLE_NS_ASSERTIONS = NO;
				ENABLE_STRICT_OBJC_MSGSEND = YES;
				GCC_C_LANGUAGE_STANDARD = gnu99;
				GCC_NO_COMMON_BLOCKS = YES;
				GCC_WARN_64_TO_32_BIT_CONVERSION = YES;
				GCC_WARN_ABOUT_RETURN_TYPE = YES_ERROR;
				GCC_WARN_UNDECLARED_SELECTOR = YES;
				GCC_WARN_UNINITIALIZED_AUTOS = YES_AGGRESSIVE;
				GCC_WARN_UNUSED_FUNCTION = YES;
				GCC_WARN_UNUSED_VARIABLE = YES;
				IPHONEOS_DEPLOYMENT_TARGET = 9.2;
				MTL_ENABLE_DEBUG_INFO = NO;
				SDKROOT = iphoneos;
				TARGETED_DEVICE_FAMILY = "1,2";
				VALIDATE_PRODUCT = YES;
			};
			name = Release;
		};
		5EC4293D1CADF7430005ECD1 /* Debug */ = {
			isa = XCBuildConfiguration;
			baseConfigurationReference = 0CD08AFF3783D83754B8F668 /* Pods-Art.debug.xcconfig */;
			buildSettings = {
				ASSETCATALOG_COMPILER_APPICON_NAME = AppIcon;
				CODE_SIGN_IDENTITY = "iPhone Developer";
				"CODE_SIGN_IDENTITY[sdk=iphoneos*]" = "iPhone Developer";
				INFOPLIST_FILE = Art/Info.plist;
				LD_RUNPATH_SEARCH_PATHS = "$(inherited) @executable_path/Frameworks";
				PRODUCT_BUNDLE_IDENTIFIER = TIY.Art;
				PRODUCT_NAME = "$(TARGET_NAME)";
				PROVISIONING_PROFILE = "";
				SWIFT_OBJC_BRIDGING_HEADER = "Art-Bridging-Header.h";
			};
			name = Debug;
		};
		5EC4293E1CADF7430005ECD1 /* Release */ = {
			isa = XCBuildConfiguration;
			baseConfigurationReference = 010BE49F03007EBB915126FC /* Pods-Art.release.xcconfig */;
			buildSettings = {
				ASSETCATALOG_COMPILER_APPICON_NAME = AppIcon;
				CODE_SIGN_IDENTITY = "iPhone Developer";
				"CODE_SIGN_IDENTITY[sdk=iphoneos*]" = "iPhone Developer";
				INFOPLIST_FILE = Art/Info.plist;
				LD_RUNPATH_SEARCH_PATHS = "$(inherited) @executable_path/Frameworks";
				PRODUCT_BUNDLE_IDENTIFIER = TIY.Art;
				PRODUCT_NAME = "$(TARGET_NAME)";
				PROVISIONING_PROFILE = "";
				SWIFT_OBJC_BRIDGING_HEADER = "Art-Bridging-Header.h";
			};
			name = Release;
		};
/* End XCBuildConfiguration section */

/* Begin XCConfigurationList section */
		5EC429251CADF7410005ECD1 /* Build configuration list for PBXProject "Art" */ = {
			isa = XCConfigurationList;
			buildConfigurations = (
				5EC4293A1CADF7430005ECD1 /* Debug */,
				5EC4293B1CADF7430005ECD1 /* Release */,
			);
			defaultConfigurationIsVisible = 0;
			defaultConfigurationName = Release;
		};
		5EC4293C1CADF7430005ECD1 /* Build configuration list for PBXNativeTarget "Art" */ = {
			isa = XCConfigurationList;
			buildConfigurations = (
				5EC4293D1CADF7430005ECD1 /* Debug */,
				5EC4293E1CADF7430005ECD1 /* Release */,
			);
			defaultConfigurationIsVisible = 0;
			defaultConfigurationName = Release;
		};
/* End XCConfigurationList section */
	};
	rootObject = 5EC429221CADF7410005ECD1 /* Project object */;
}
